
Microsoft Visual Studio Solution File, Format Version 12.00
# Visual Studio Version 16
VisualStudioVersion = 16.0.31624.102
MinimumVisualStudioVersion = 10.0.40219.1
Project("{FAE04EC0-301F-11D3-BF4B-00C04F79EFBC}") = "DruhaHodina", "DruhaHodina\DruhaHodina.csproj", "{EFEB1AA5-7C3B-41CC-829E-75CB6364C69A}"
EndProject
Global
	GlobalSection(SolutionConfigurationPlatforms) = preSolution
		Debug|Any CPU = Debug|Any CPU
		Release|Any CPU = Release|Any CPU
	EndGlobalSection
	GlobalSection(ProjectConfigurationPlatforms) = postSolution
		{EFEB1AA5-7C3B-41CC-829E-75CB6364C69A}.Debug|Any CPU.ActiveCfg = Debug|Any CPU
		{EFEB1AA5-7C3B-41CC-829E-75CB6364C69A}.Debug|Any CPU.Build.0 = Debug|Any CPU
		{EFEB1AA5-7C3B-41CC-829E-75CB6364C69A}.Release|Any CPU.ActiveCfg = Release|Any CPU
		{EFEB1AA5-7C3B-41CC-829E-75CB6364C69A}.Release|Any CPU.Build.0 = Release|Any CPU
	EndGlobalSection
	GlobalSection(SolutionProperties) = preSolution
		HideSolutionNode = FALSE
	EndGlobalSection
	GlobalSection(ExtensibilityGlobals) = postSolution
		SolutionGuid = {E9A2A46F-F3D1-4EDF-9EBB-4472F3E695B4}
	EndGlobalSection
EndGlobal
